
Microsoft Visual Studio Solution File, Format Version 12.00
# Visual Studio Version 16
VisualStudioVersion = 16.0.810.21
MinimumVisualStudioVersion = 10.0.40219.1
Project("{9A19103F-16F7-4668-BE54-9A1E7A4F7556}") = "PracticoUT2", "PracticoUT2\PracticoUT2.csproj", "{16761946-9C69-4BEF-AED7-B0A194A9F82D}"
EndProject
Project("{FAE04EC0-301F-11D3-BF4B-00C04F79EFBC}") = "UnitTestPracticoUT2", "UnitTestPracticoUT2\UnitTestPracticoUT2.csproj", "{FCC57E16-91F2-44F3-890C-578A08C214B4}"
EndProject
Project("{FAE04EC0-301F-11D3-BF4B-00C04F79EFBC}") = "UnitTestPracticoUT2v2", "UnitTestPracticoUT2v2\UnitTestPracticoUT2v2.csproj", "{A3A7983F-C1C2-46A3-B904-D8C3FFF21283}"
EndProject
Global
	GlobalSection(SolutionConfigurationPlatforms) = preSolution
		Debug|Any CPU = Debug|Any CPU
		Release|Any CPU = Release|Any CPU
		Staging|Any CPU = Staging|Any CPU
	EndGlobalSection
	GlobalSection(ProjectConfigurationPlatforms) = postSolution
		{16761946-9C69-4BEF-AED7-B0A194A9F82D}.Debug|Any CPU.ActiveCfg = Debug|Any CPU
		{16761946-9C69-4BEF-AED7-B0A194A9F82D}.Debug|Any CPU.Build.0 = Debug|Any CPU
		{16761946-9C69-4BEF-AED7-B0A194A9F82D}.Release|Any CPU.ActiveCfg = Release|Any CPU
		{16761946-9C69-4BEF-AED7-B0A194A9F82D}.Release|Any CPU.Build.0 = Release|Any CPU
		{16761946-9C69-4BEF-AED7-B0A194A9F82D}.Staging|Any CPU.ActiveCfg = Staging|Any CPU
		{16761946-9C69-4BEF-AED7-B0A194A9F82D}.Staging|Any CPU.Build.0 = Staging|Any CPU
		{FCC57E16-91F2-44F3-890C-578A08C214B4}.Debug|Any CPU.ActiveCfg = Debug|Any CPU
		{FCC57E16-91F2-44F3-890C-578A08C214B4}.Debug|Any CPU.Build.0 = Debug|Any CPU
		{FCC57E16-91F2-44F3-890C-578A08C214B4}.Release|Any CPU.ActiveCfg = Release|Any CPU
		{FCC57E16-91F2-44F3-890C-578A08C214B4}.Release|Any CPU.Build.0 = Release|Any CPU
		{FCC57E16-91F2-44F3-890C-578A08C214B4}.Staging|Any CPU.ActiveCfg = Debug|Any CPU
		{FCC57E16-91F2-44F3-890C-578A08C214B4}.Staging|Any CPU.Build.0 = Debug|Any CPU
		{A3A7983F-C1C2-46A3-B904-D8C3FFF21283}.Debug|Any CPU.ActiveCfg = Debug|Any CPU
		{A3A7983F-C1C2-46A3-B904-D8C3FFF21283}.Debug|Any CPU.Build.0 = Debug|Any CPU
		{A3A7983F-C1C2-46A3-B904-D8C3FFF21283}.Release|Any CPU.ActiveCfg = Release|Any CPU
		{A3A7983F-C1C2-46A3-B904-D8C3FFF21283}.Release|Any CPU.Build.0 = Release|Any CPU
		{A3A7983F-C1C2-46A3-B904-D8C3FFF21283}.Staging|Any CPU.ActiveCfg = Release|Any CPU
		{A3A7983F-C1C2-46A3-B904-D8C3FFF21283}.Staging|Any CPU.Build.0 = Release|Any CPU
	EndGlobalSection
	GlobalSection(SolutionProperties) = preSolution
		HideSolutionNode = FALSE
	EndGlobalSection
	GlobalSection(ExtensibilityGlobals) = postSolution
		SolutionGuid = {8BC7D22D-2A21-4A55-9B85-95765C4C7D85}
	EndGlobalSection
EndGlobal
